// !$*UTF8*$!
{
	archiveVersion = 1;
	classes = {
	};
	objectVersion = 46;
	objects = {

/* Begin PBXBuildFile section */
		1356BA201E5A864700F0CC55 /* ZoomViewController.swift in Sources */ = {isa = PBXBuildFile; fileRef = 1356BA1F1E5A864700F0CC55 /* ZoomViewController.swift */; };
		136517501E5950160012912F /* AppDelegate.swift in Sources */ = {isa = PBXBuildFile; fileRef = 1365174F1E5950160012912F /* AppDelegate.swift */; };
		136517521E5950160012912F /* ViewController.swift in Sources */ = {isa = PBXBuildFile; fileRef = 136517511E5950160012912F /* ViewController.swift */; };
		136517551E5950160012912F /* Main.storyboard in Resources */ = {isa = PBXBuildFile; fileRef = 136517531E5950160012912F /* Main.storyboard */; };
		136517571E5950160012912F /* Assets.xcassets in Resources */ = {isa = PBXBuildFile; fileRef = 136517561E5950160012912F /* Assets.xcassets */; };
		1365175A1E5950160012912F /* LaunchScreen.storyboard in Resources */ = {isa = PBXBuildFile; fileRef = 136517581E5950160012912F /* LaunchScreen.storyboard */; };
		136517651E5950160012912F /* SlideshowAppTests.swift in Sources */ = {isa = PBXBuildFile; fileRef = 136517641E5950160012912F /* SlideshowAppTests.swift */; };
		136517701E5950160012912F /* SlideshowAppUITests.swift in Sources */ = {isa = PBXBuildFile; fileRef = 1365176F1E5950160012912F /* SlideshowAppUITests.swift */; };
		136517801E5951220012912F /* photo1.JPG in Resources */ = {isa = PBXBuildFile; fileRef = 1365177D1E5951220012912F /* photo1.JPG */; };
		136517811E5951220012912F /* photo2.JPG in Resources */ = {isa = PBXBuildFile; fileRef = 1365177E1E5951220012912F /* photo2.JPG */; };
		136517821E5951220012912F /* photo3.JPG in Resources */ = {isa = PBXBuildFile; fileRef = 1365177F1E5951220012912F /* photo3.JPG */; };
/* End PBXBuildFile section */

/* Begin PBXContainerItemProxy section */
		136517611E5950160012912F /* PBXContainerItemProxy */ = {
			isa = PBXContainerItemProxy;
			containerPortal = 136517441E5950160012912F /* Project object */;
			proxyType = 1;
			remoteGlobalIDString = 1365174B1E5950160012912F;
			remoteInfo = SlideshowApp;
		};
		1365176C1E5950160012912F /* PBXContainerItemProxy */ = {
			isa = PBXContainerItemProxy;
			containerPortal = 136517441E5950160012912F /* Project object */;
			proxyType = 1;
			remoteGlobalIDString = 1365174B1E5950160012912F;
			remoteInfo = SlideshowApp;
		};
/* End PBXContainerItemProxy section */

/* Begin PBXFileReference section */
		1356BA1F1E5A864700F0CC55 /* ZoomViewController.swift */ = {isa = PBXFileReference; fileEncoding = 4; lastKnownFileType = sourcecode.swift; path = ZoomViewController.swift; sourceTree = "<group>"; };
		1365174C1E5950160012912F /* SlideshowApp.app */ = {isa = PBXFileReference; explicitFileType = wrapper.application; includeInIndex = 0; path = SlideshowApp.app; sourceTree = BUILT_PRODUCTS_DIR; };
		1365174F1E5950160012912F /* AppDelegate.swift */ = {isa = PBXFileReference; lastKnownFileType = sourcecode.swift; path = AppDelegate.swift; sourceTree = "<group>"; };
		136517511E5950160012912F /* ViewController.swift */ = {isa = PBXFileReference; lastKnownFileType = sourcecode.swift; path = ViewController.swift; sourceTree = "<group>"; };
		136517541E5950160012912F /* Base */ = {isa = PBXFileReference; lastKnownFileType = file.storyboard; name = Base; path = Base.lproj/Main.storyboard; sourceTree = "<group>"; };
		136517561E5950160012912F /* Assets.xcassets */ = {isa = PBXFileReference; lastKnownFileType = folder.assetcatalog; path = Assets.xcassets; sourceTree = "<group>"; };
		136517591E5950160012912F /* Base */ = {isa = PBXFileReference; lastKnownFileType = file.storyboard; name = Base; path = Base.lproj/LaunchScreen.storyboard; sourceTree = "<group>"; };
		1365175B1E5950160012912F /* Info.plist */ = {isa = PBXFileReference; lastKnownFileType = text.plist.xml; path = Info.plist; sourceTree = "<group>"; };
		136517601E5950160012912F /* SlideshowAppTests.xctest */ = {isa = PBXFileReference; explicitFileType = wrapper.cfbundle; includeInIndex = 0; path = SlideshowAppTests.xctest; sourceTree = BUILT_PRODUCTS_DIR; };
		136517641E5950160012912F /* SlideshowAppTests.swift */ = {isa = PBXFileReference; lastKnownFileType = sourcecode.swift; path = SlideshowAppTests.swift; sourceTree = "<group>"; };
		136517661E5950160012912F /* Info.plist */ = {isa = PBXFileReference; lastKnownFileType = text.plist.xml; path = Info.plist; sourceTree = "<group>"; };
		1365176B1E5950160012912F /* SlideshowAppUITests.xctest */ = {isa = PBXFileReference; explicitFileType = wrapper.cfbundle; includeInIndex = 0; path = SlideshowAppUITests.xctest; sourceTree = BUILT_PRODUCTS_DIR; };
		1365176F1E5950160012912F /* SlideshowAppUITests.swift */ = {isa = PBXFileReference; lastKnownFileType = sourcecode.swift; path = SlideshowAppUITests.swift; sourceTree = "<group>"; };
		136517711E5950160012912F /* Info.plist */ = {isa = PBXFileReference; lastKnownFileType = text.plist.xml; path = Info.plist; sourceTree = "<group>"; };
		1365177D1E5951220012912F /* photo1.JPG */ = {isa = PBXFileReference; lastKnownFileType = image.jpeg; path = photo1.JPG; sourceTree = "<group>"; };
		1365177E1E5951220012912F /* photo2.JPG */ = {isa = PBXFileReference; lastKnownFileType = image.jpeg; path = photo2.JPG; sourceTree = "<group>"; };
		1365177F1E5951220012912F /* photo3.JPG */ = {isa = PBXFileReference; lastKnownFileType = image.jpeg; path = photo3.JPG; sourceTree = "<group>"; };
/* End PBXFileReference section */

/* Begin PBXFrameworksBuildPhase section */
		136517491E5950160012912F /* Frameworks */ = {
			isa = PBXFrameworksBuildPhase;
			buildActionMask = 2147483647;
			files = (
			);
			runOnlyForDeploymentPostprocessing = 0;
		};
		1365175D1E5950160012912F /* Frameworks */ = {
			isa = PBXFrameworksBuildPhase;
			buildActionMask = 2147483647;
			files = (
			);
			runOnlyForDeploymentPostprocessing = 0;
		};
		136517681E5950160012912F /* Frameworks */ = {
			isa = PBXFrameworksBuildPhase;
			buildActionMask = 2147483647;
			files = (
			);
			runOnlyForDeploymentPostprocessing = 0;
		};
/* End PBXFrameworksBuildPhase section */

/* Begin PBXGroup section */
		136517431E5950160012912F = {
			isa = PBXGroup;
			children = (
				1365174E1E5950160012912F /* SlideshowApp */,
				136517631E5950160012912F /* SlideshowAppTests */,
				1365176E1E5950160012912F /* SlideshowAppUITests */,
				1365174D1E5950160012912F /* Products */,
			);
			sourceTree = "<group>";
		};
		1365174D1E5950160012912F /* Products */ = {
			isa = PBXGroup;
			children = (
				1365174C1E5950160012912F /* SlideshowApp.app */,
				136517601E5950160012912F /* SlideshowAppTests.xctest */,
				1365176B1E5950160012912F /* SlideshowAppUITests.xctest */,
			);
			name = Products;
			sourceTree = "<group>";
		};
		1365174E1E5950160012912F /* SlideshowApp */ = {
			isa = PBXGroup;
			children = (
				1365174F1E5950160012912F /* AppDelegate.swift */,
				136517511E5950160012912F /* ViewController.swift */,
				1356BA1F1E5A864700F0CC55 /* ZoomViewController.swift */,
				136517531E5950160012912F /* Main.storyboard */,
				136517561E5950160012912F /* Assets.xcassets */,
				1365177D1E5951220012912F /* photo1.JPG */,
				1365177E1E5951220012912F /* photo2.JPG */,
				1365177F1E5951220012912F /* photo3.JPG */,
				136517581E5950160012912F /* LaunchScreen.storyboard */,
				1365175B1E5950160012912F /* Info.plist */,
			);
			path = SlideshowApp;
			sourceTree = "<group>";
		};
		136517631E5950160012912F /* SlideshowAppTests */ = {
			isa = PBXGroup;
			children = (
				136517641E5950160012912F /* SlideshowAppTests.swift */,
				136517661E5950160012912F /* Info.plist */,
			);
			path = SlideshowAppTests;
			sourceTree = "<group>";
		};
		1365176E1E5950160012912F /* SlideshowAppUITests */ = {
			isa = PBXGroup;
			children = (
				1365176F1E5950160012912F /* SlideshowAppUITests.swift */,
				136517711E5950160012912F /* Info.plist */,
			);
			path = SlideshowAppUITests;
			sourceTree = "<group>";
		};
/* End PBXGroup section */

/* Begin PBXNativeTarget section */
		1365174B1E5950160012912F /* SlideshowApp */ = {
			isa = PBXNativeTarget;
			buildConfigurationList = 136517741E5950160012912F /* Build configuration list for PBXNativeTarget "SlideshowApp" */;
			buildPhases = (
				136517481E5950160012912F /* Sources */,
				136517491E5950160012912F /* Frameworks */,
				1365174A1E5950160012912F /* Resources */,
			);
			buildRules = (
			);
			dependencies = (
			);
			name = SlideshowApp;
			productName = SlideshowApp;
			productReference = 1365174C1E5950160012912F /* SlideshowApp.app */;
			productType = "com.apple.product-type.application";
		};
		1365175F1E5950160012912F /* SlideshowAppTests */ = {
			isa = PBXNativeTarget;
			buildConfigurationList = 136517771E5950160012912F /* Build configuration list for PBXNativeTarget "SlideshowAppTests" */;
			buildPhases = (
				1365175C1E5950160012912F /* Sources */,
				1365175D1E5950160012912F /* Frameworks */,
				1365175E1E5950160012912F /* Resources */,
			);
			buildRules = (
			);
			dependencies = (
				136517621E5950160012912F /* PBXTargetDependency */,
			);
			name = SlideshowAppTests;
			productName = SlideshowAppTests;
			productReference = 136517601E5950160012912F /* SlideshowAppTests.xctest */;
			productType = "com.apple.product-type.bundle.unit-test";
		};
		1365176A1E5950160012912F /* SlideshowAppUITests */ = {
			isa = PBXNativeTarget;
			buildConfigurationList = 1365177A1E5950160012912F /* Build configuration list for PBXNativeTarget "SlideshowAppUITests" */;
			buildPhases = (
				136517671E5950160012912F /* Sources */,
				136517681E5950160012912F /* Frameworks */,
				136517691E5950160012912F /* Resources */,
			);
			buildRules = (
			);
			dependencies = (
				1365176D1E5950160012912F /* PBXTargetDependency */,
			);
			name = SlideshowAppUITests;
			productName = SlideshowAppUITests;
			productReference = 1365176B1E5950160012912F /* SlideshowAppUITests.xctest */;
			productType = "com.apple.product-type.bundle.ui-testing";
		};
/* End PBXNativeTarget section */

/* Begin PBXProject section */
		136517441E5950160012912F /* Project object */ = {
			isa = PBXProject;
			attributes = {
				LastSwiftUpdateCheck = 0820;
				LastUpgradeCheck = 0820;
				ORGANIZATIONNAME = yu.nakamura;
				TargetAttributes = {
					1365174B1E5950160012912F = {
						CreatedOnToolsVersion = 8.2.1;
						ProvisioningStyle = Automatic;
					};
					1365175F1E5950160012912F = {
						CreatedOnToolsVersion = 8.2.1;
						ProvisioningStyle = Automatic;
						TestTargetID = 1365174B1E5950160012912F;
					};
					1365176A1E5950160012912F = {
						CreatedOnToolsVersion = 8.2.1;
						ProvisioningStyle = Automatic;
						TestTargetID = 1365174B1E5950160012912F;
					};
				};
			};
			buildConfigurationList = 136517471E5950160012912F /* Build configuration list for PBXProject "SlideshowApp" */;
			compatibilityVersion = "Xcode 3.2";
			developmentRegion = English;
			hasScannedForEncodings = 0;
			knownRegions = (
				en,
				Base,
			);
			mainGroup = 136517431E5950160012912F;
			productRefGroup = 1365174D1E5950160012912F /* Products */;
			projectDirPath = "";
			projectRoot = "";
			targets = (
				1365174B1E5950160012912F /* SlideshowApp */,
				1365175F1E5950160012912F /* SlideshowAppTests */,
				1365176A1E5950160012912F /* SlideshowAppUITests */,
			);
		};
/* End PBXProject section */

/* Begin PBXResourcesBuildPhase section */
		1365174A1E5950160012912F /* Resources */ = {
			isa = PBXResourcesBuildPhase;
			buildActionMask = 2147483647;
			files = (
				136517811E5951220012912F /* photo2.JPG in Resources */,
				136517801E5951220012912F /* photo1.JPG in Resources */,
				136517821E5951220012912F /* photo3.JPG in Resources */,
				1365175A1E5950160012912F /* LaunchScreen.storyboard in Resources */,
				136517571E5950160012912F /* Assets.xcassets in Resources */,
				136517551E5950160012912F /* Main.storyboard in Resources */,
			);
			runOnlyForDeploymentPostprocessing = 0;
		};
		1365175E1E5950160012912F /* Resources */ = {
			isa = PBXResourcesBuildPhase;
			buildActionMask = 2147483647;
			files = (
			);
			runOnlyForDeploymentPostprocessing = 0;
		};
		136517691E5950160012912F /* Resources */ = {
			isa = PBXResourcesBuildPhase;
			buildActionMask = 2147483647;
			files = (
			);
			runOnlyForDeploymentPostprocessing = 0;
		};
/* End PBXResourcesBuildPhase section */

/* Begin PBXSourcesBuildPhase section */
		136517481E5950160012912F /* Sources */ = {
			isa = PBXSourcesBuildPhase;
			buildActionMask = 2147483647;
			files = (
				136517521E5950160012912F /* ViewController.swift in Sources */,
				1356BA201E5A864700F0CC55 /* ZoomViewController.swift in Sources */,
				136517501E5950160012912F /* AppDelegate.swift in Sources */,
			);
			runOnlyForDeploymentPostprocessing = 0;
		};
		1365175C1E5950160012912F /* Sources */ = {
			isa = PBXSourcesBuildPhase;
			buildActionMask = 2147483647;
			files = (
				136517651E5950160012912F /* SlideshowAppTests.swift in Sources */,
			);
			runOnlyForDeploymentPostprocessing = 0;
		};
		136517671E5950160012912F /* Sources */ = {
			isa = PBXSourcesBuildPhase;
			buildActionMask = 2147483647;
			files = (
				136517701E5950160012912F /* SlideshowAppUITests.swift in Sources */,
			);
			runOnlyForDeploymentPostprocessing = 0;
		};
/* End PBXSourcesBuildPhase section */

/* Begin PBXTargetDependency section */
		136517621E5950160012912F /* PBXTargetDependency */ = {
			isa = PBXTargetDependency;
			target = 1365174B1E5950160012912F /* SlideshowApp */;
			targetProxy = 136517611E5950160012912F /* PBXContainerItemProxy */;
		};
		1365176D1E5950160012912F /* PBXTargetDependency */ = {
			isa = PBXTargetDependency;
			target = 1365174B1E5950160012912F /* SlideshowApp */;
			targetProxy = 1365176C1E5950160012912F /* PBXContainerItemProxy */;
		};
/* End PBXTargetDependency section */

/* Begin PBXVariantGroup section */
		136517531E5950160012912F /* Main.storyboard */ = {
			isa = PBXVariantGroup;
			children = (
				136517541E5950160012912F /* Base */,
			);
			name = Main.storyboard;
			sourceTree = "<group>";
		};
		136517581E5950160012912F /* LaunchScreen.storyboard */ = {
			isa = PBXVariantGroup;
			children = (
				136517591E5950160012912F /* Base */,
			);
			name = LaunchScreen.storyboard;
			sourceTree = "<group>";
		};
/* End PBXVariantGroup section */

/* Begin XCBuildConfiguration section */
		136517721E5950160012912F /* Debug */ = {
			isa = XCBuildConfiguration;
			buildSettings = {
				ALWAYS_SEARCH_USER_PATHS = NO;
				CLANG_ANALYZER_NONNULL = YES;
				CLANG_CXX_LANGUAGE_STANDARD = "gnu++0x";
				CLANG_CXX_LIBRARY = "libc++";
				CLANG_ENABLE_MODULES = YES;
				CLANG_ENABLE_OBJC_ARC = YES;
				CLANG_WARN_BOOL_CONVERSION = YES;
				CLANG_WARN_CONSTANT_CONVERSION = YES;
				CLANG_WARN_DIRECT_OBJC_ISA_USAGE = YES_ERROR;
				CLANG_WARN_DOCUMENTATION_COMMENTS = YES;
				CLANG_WARN_EMPTY_BODY = YES;
				CLANG_WARN_ENUM_CONVERSION = YES;
				CLANG_WARN_INFINITE_RECURSION = YES;
				CLANG_WARN_INT_CONVERSION = YES;
				CLANG_WARN_OBJC_ROOT_CLASS = YES_ERROR;
				CLANG_WARN_SUSPICIOUS_MOVE = YES;
				CLANG_WARN_UNREACHABLE_CODE = YES;
				CLANG_WARN__DUPLICATE_METHOD_MATCH = YES;
				"CODE_SIGN_IDENTITY[sdk=iphoneos*]" = "iPhone Developer";
				COPY_PHASE_STRIP = NO;
				DEBUG_INFORMATION_FORMAT = dwarf;
				ENABLE_STRICT_OBJC_MSGSEND = YES;
				ENABLE_TESTABILITY = YES;
				GCC_C_LANGUAGE_STANDARD = gnu99;
				GCC_DYNAMIC_NO_PIC = NO;
				GCC_NO_COMMON_BLOCKS = YES;
				GCC_OPTIMIZATION_LEVEL = 0;
				GCC_PREPROCESSOR_DEFINITIONS = (
					"DEBUG=1",
					"$(inherited)",
				);
				GCC_WARN_64_TO_32_BIT_CONVERSION = YES;
				GCC_WARN_ABOUT_RETURN_TYPE = YES_ERROR;
				GCC_WARN_UNDECLARED_SELECTOR = YES;
				GCC_WARN_UNINITIALIZED_AUTOS = YES_AGGRESSIVE;
				GCC_WARN_UNUSED_FUNCTION = YES;
				GCC_WARN_UNUSED_VARIABLE = YES;
				IPHONEOS_DEPLOYMENT_TARGET = 10.2;
				MTL_ENABLE_DEBUG_INFO = YES;
				ONLY_ACTIVE_ARCH = YES;
				SDKROOT = iphoneos;
				SWIFT_ACTIVE_COMPILATION_CONDITIONS = DEBUG;
				SWIFT_OPTIMIZATION_LEVEL = "-Onone";
			};
			name = Debug;
		};
		136517731E5950160012912F /* Release */ = {
			isa = XCBuildConfiguration;
			buildSettings = {
				ALWAYS_SEARCH_USER_PATHS = NO;
				CLANG_ANALYZER_NONNULL = YES;
				CLANG_CXX_LANGUAGE_STANDARD = "gnu++0x";
				CLANG_CXX_LIBRARY = "libc++";
				CLANG_ENABLE_MODULES = YES;
				CLANG_ENABLE_OBJC_ARC = YES;
				CLANG_WARN_BOOL_CONVERSION = YES;
				CLANG_WARN_CONSTANT_CONVERSION = YES;
				CLANG_WARN_DIRECT_OBJC_ISA_USAGE = YES_ERROR;
				CLANG_WARN_DOCUMENTATION_COMMENTS = YES;
				CLANG_WARN_EMPTY_BODY = YES;
				CLANG_WARN_ENUM_CONVERSION = YES;
				CLANG_WARN_INFINITE_RECURSION = YES;
				CLANG_WARN_INT_CONVERSION = YES;
				CLANG_WARN_OBJC_ROOT_CLASS = YES_ERROR;
				CLANG_WARN_SUSPICIOUS_MOVE = YES;
				CLANG_WARN_UNREACHABLE_CODE = YES;
				CLANG_WARN__DUPLICATE_METHOD_MATCH = YES;
				"CODE_SIGN_IDENTITY[sdk=iphoneos*]" = "iPhone Developer";
				COPY_PHASE_STRIP = NO;
				DEBUG_INFORMATION_FORMAT = "dwarf-with-dsym";
				ENABLE_NS_ASSERTIONS = NO;
				ENABLE_STRICT_OBJC_MSGSEND = YES;
				GCC_C_LANGUAGE_STANDARD = gnu99;
				GCC_NO_COMMON_BLOCKS = YES;
				GCC_WARN_64_TO_32_BIT_CONVERSION = YES;
				GCC_WARN_ABOUT_RETURN_TYPE = YES_ERROR;
				GCC_WARN_UNDECLARED_SELECTOR = YES;
				GCC_WARN_UNINITIALIZED_AUTOS = YES_AGGRESSIVE;
				GCC_WARN_UNUSED_FUNCTION = YES;
				GCC_WARN_UNUSED_VARIABLE = YES;
				IPHONEOS_DEPLOYMENT_TARGET = 10.2;
				MTL_ENABLE_DEBUG_INFO = NO;
				SDKROOT = iphoneos;
				SWIFT_OPTIMIZATION_LEVEL = "-Owholemodule";
				VALIDATE_PRODUCT = YES;
			};
			name = Release;
		};
		136517751E5950160012912F /* Debug */ = {
			isa = XCBuildConfiguration;
			buildSettings = {
				ASSETCATALOG_COMPILER_APPICON_NAME = AppIcon;
				INFOPLIST_FILE = SlideshowApp/Info.plist;
				LD_RUNPATH_SEARCH_PATHS = "$(inherited) @executable_path/Frameworks";
				PRODUCT_BUNDLE_IDENTIFIER = jp.techacademy.yu.nakamura.SlideshowApp;
				PRODUCT_NAME = "$(TARGET_NAME)";
				SWIFT_VERSION = 3.0;
			};
			name = Debug;
		};
		136517761E5950160012912F /* Release */ = {
			isa = XCBuildConfiguration;
			buildSettings = {
				ASSETCATALOG_COMPILER_APPICON_NAME = AppIcon;
				INFOPLIST_FILE = SlideshowApp/Info.plist;
				LD_RUNPATH_SEARCH_PATHS = "$(inherited) @executable_path/Frameworks";
				PRODUCT_BUNDLE_IDENTIFIER = jp.techacademy.yu.nakamura.SlideshowApp;
				PRODUCT_NAME = "$(TARGET_NAME)";
				SWIFT_VERSION = 3.0;
			};
			name = Release;
		};
		136517781E5950160012912F /* Debug */ = {
			isa = XCBuildConfiguration;
			buildSettings = {
				ALWAYS_EMBED_SWIFT_STANDARD_LIBRARIES = YES;
				BUNDLE_LOADER = "$(TEST_HOST)";
				INFOPLIST_FILE = SlideshowAppTests/Info.plist;
				LD_RUNPATH_SEARCH_PATHS = "$(inherited) @executable_path/Frameworks @loader_path/Frameworks";
				PRODUCT_BUNDLE_IDENTIFIER = jp.techacademy.yu.nakamura.SlideshowAppTests;
				PRODUCT_NAME = "$(TARGET_NAME)";
				SWIFT_VERSION = 3.0;
				TEST_HOST = "$(BUILT_PRODUCTS_DIR)/SlideshowApp.app/SlideshowApp";
			};
			name = Debug;
		};
		136517791E5950160012912F /* Release */ = {
			isa = XCBuildConfiguration;
			buildSettings = {
				ALWAYS_EMBED_SWIFT_STANDARD_LIBRARIES = YES;
				BUNDLE_LOADER = "$(TEST_HOST)";
				INFOPLIST_FILE = SlideshowAppTests/Info.plist;
				LD_RUNPATH_SEARCH_PATHS = "$(inherited) @executable_path/Frameworks @loader_path/Frameworks";
				PRODUCT_BUNDLE_IDENTIFIER = jp.techacademy.yu.nakamura.SlideshowAppTests;
				PRODUCT_NAME = "$(TARGET_NAME)";
				SWIFT_VERSION = 3.0;
				TEST_HOST = "$(BUILT_PRODUCTS_DIR)/SlideshowApp.app/SlideshowApp";
			};
			name = Release;
		};
		1365177B1E5950160012912F /* Debug */ = {
			isa = XCBuildConfiguration;
			buildSettings = {
				ALWAYS_EMBED_SWIFT_STANDARD_LIBRARIES = YES;
				INFOPLIST_FILE = SlideshowAppUITests/Info.plist;
				LD_RUNPATH_SEARCH_PATHS = "$(inherited) @executable_path/Frameworks @loader_path/Frameworks";
				PRODUCT_BUNDLE_IDENTIFIER = jp.techacademy.yu.nakamura.SlideshowAppUITests;
				PRODUCT_NAME = "$(TARGET_NAME)";
				SWIFT_VERSION = 3.0;
				TEST_TARGET_NAME = SlideshowApp;
			};
			name = Debug;
		};
		1365177C1E5950160012912F /* Release */ = {
			isa = XCBuildConfiguration;
			buildSettings = {
				ALWAYS_EMBED_SWIFT_STANDARD_LIBRARIES = YES;
				INFOPLIST_FILE = SlideshowAppUITests/Info.plist;
				LD_RUNPATH_SEARCH_PATHS = "$(inherited) @executable_path/Frameworks @loader_path/Frameworks";
				PRODUCT_BUNDLE_IDENTIFIER = jp.techacademy.yu.nakamura.SlideshowAppUITests;
				PRODUCT_NAME = "$(TARGET_NAME)";
				SWIFT_VERSION = 3.0;
				TEST_TARGET_NAME = SlideshowApp;
			};
			name = Release;
		};
/* End XCBuildConfiguration section */

/* Begin XCConfigurationList section */
		136517471E5950160012912F /* Build configuration list for PBXProject "SlideshowApp" */ = {
			isa = XCConfigurationList;
			buildConfigurations = (
				136517721E5950160012912F /* Debug */,
				136517731E5950160012912F /* Release */,
			);
			defaultConfigurationIsVisible = 0;
			defaultConfigurationName = Release;
		};
		136517741E5950160012912F /* Build configuration list for PBXNativeTarget "SlideshowApp" */ = {
			isa = XCConfigurationList;
			buildConfigurations = (
				136517751E5950160012912F /* Debug */,
				136517761E5950160012912F /* Release */,
			);
			defaultConfigurationIsVisible = 0;
			defaultConfigurationName = Release;
		};
		136517771E5950160012912F /* Build configuration list for PBXNativeTarget "SlideshowAppTests" */ = {
			isa = XCConfigurationList;
			buildConfigurations = (
				136517781E5950160012912F /* Debug */,
				136517791E5950160012912F /* Release */,
			);
			defaultConfigurationIsVisible = 0;
			defaultConfigurationName = Release;
		};
		1365177A1E5950160012912F /* Build configuration list for PBXNativeTarget "SlideshowAppUITests" */ = {
			isa = XCConfigurationList;
			buildConfigurations = (
				1365177B1E5950160012912F /* Debug */,
				1365177C1E5950160012912F /* Release */,
			);
			defaultConfigurationIsVisible = 0;
			defaultConfigurationName = Release;
		};
/* End XCConfigurationList section */
	};
	rootObject = 136517441E5950160012912F /* Project object */;
}
